# THIS IS AN AUTOGENERATED FILE. DO NOT EDIT THIS FILE DIRECTLY.
# yarn lockfile v1


blk-design-system@^1.0.2:
  version "1.0.2"
  resolved "https://registry.yarnpkg.com/blk-design-system/-/blk-design-system-1.0.2.tgz#516a1fdf8eff7f08e04e66bdb88fa848ab243534"
  integrity sha512-vhqb6s4qbPh/AXsd1vNwRMKvLToH/K3l+BK8RC6h1Lkn50kg8494NM+NDQr+F8q8LSwwHklBOChQLFjNf9k0eQ==
